
Microsoft Visual Studio Solution File, Format Version 12.00
# Visual Studio 15
Project("{FAE04EC0-301F-11D3-BF4B-00C04F79EFBC}") = "Assembly-CSharp", "Assembly-CSharp.csproj", "{0BE3000E-9B84-CFAA-1F2B-82225D999DD6}"
EndProject
Global
	GlobalSection(SolutionConfigurationPlatforms) = preSolution
		Debug|Any CPU = Debug|Any CPU
		Release|Any CPU = Release|Any CPU
	EndGlobalSection
	GlobalSection(ProjectConfigurationPlatforms) = postSolution
		{0BE3000E-9B84-CFAA-1F2B-82225D999DD6}.Debug|Any CPU.ActiveCfg = Debug|Any CPU
		{0BE3000E-9B84-CFAA-1F2B-82225D999DD6}.Debug|Any CPU.Build.0 = Debug|Any CPU
		{0BE3000E-9B84-CFAA-1F2B-82225D999DD6}.Release|Any CPU.ActiveCfg = Release|Any CPU
		{0BE3000E-9B84-CFAA-1F2B-82225D999DD6}.Release|Any CPU.Build.0 = Release|Any CPU
	EndGlobalSection
	GlobalSection(SolutionProperties) = preSolution
		HideSolutionNode = FALSE
	EndGlobalSection
EndGlobal
